<?xml version="1.0" encoding="utf-8"?>
<Project ToolsVersion="4.0" xmlns="http://schemas.microsoft.com/developer/msbuild/2003">
  <ItemGroup>
    <Filter Include="Source Files">
      <UniqueIdentifier>{4FC737F1-C7A5-4376-A066-2A32D752A2FF}</UniqueIdentifier>
      <Extensions>qml;cpp;c;cc;cxx;def;odl;idl;hpj;bat;asm;asmx</Extensions>
    </Filter>
    <Filter Include="Header Files">
      <UniqueIdentifier>{93995380-89BD-4b04-88EB-625FBE52EBFB}</UniqueIdentifier>
      <Extensions>h;hh;hpp;hxx;hm;inl;inc;xsd</Extensions>
    </Filter>
    <Filter Include="Resource Files">
      <UniqueIdentifier>{67DA6AB6-F800-4c08-8B7A-83BB121AAD01}</UniqueIdentifier>
      <Extensions>qrc;rc;ico;cur;bmp;dlg;rc2;rct;bin;rgs;gif;jpg;jpeg;jpe;resx;tiff;tif;png;wav;mfcribbon-ms</Extensions>
    </Filter>
    <Filter Include="Form Files">
      <UniqueIdentifier>{99349809-55BA-4b9d-BF79-8FDBB0286EB3}</UniqueIdentifier>
      <Extensions>ui</Extensions>
    </Filter>
    <Filter Include="Translation Files">
      <UniqueIdentifier>{639EADAA-A684-42e4-A9AD-28FC9BCB8F7C}</UniqueIdentifier>
      <Extensions>ts</Extensions>
    </Filter>
    <Filter Include="Header Files\Exceptions">
      <UniqueIdentifier>{e80080ab-7e3a-4d3f-8ce0-863897aed811}</UniqueIdentifier>
    </Filter>
    <Filter Include="Header Files\Serialization">
      <UniqueIdentifier>{81981cca-d1e2-479b-b3f2-4693ada9d323}</UniqueIdentifier>
    </Filter>
    <Filter Include="Header Files\Types">
      <UniqueIdentifier>{53fe4aeb-fe2a-4de1-a678-c9d5443742a8}</UniqueIdentifier>
    </Filter>
    <Filter Include="Header Files\Utilities">
      <UniqueIdentifier>{64931803-6ba9-4182-9890-6a9c504a339f}</UniqueIdentifier>
    </Filter>
    <Filter Include="Source Files\Serialization">
      <UniqueIdentifier>{185dbfa8-0d75-4cd6-9078-bca2cb478fe3}</UniqueIdentifier>
    </Filter>
    <Filter Include="Source Files\Utilities">
      <UniqueIdentifier>{9559fa4d-7be7-4263-b13a-76dd57409495}</UniqueIdentifier>
    </Filter>
  </ItemGroup>
  <ItemGroup>
    <ClInclude Include="Exceptions\KernelExceptions.hpp">
      <Filter>Header Files\Exceptions</Filter>
    </ClInclude>
    <ClInclude Include="Serialization\Deserializable.hpp">
      <Filter>Header Files\Serialization</Filter>
    </ClInclude>
    <ClInclude Include="Serialization\ReadWrite.hpp">
      <Filter>Header Files\Serialization</Filter>
    </ClInclude>
    <ClInclude Include="Serialization\Serializable.hpp">
      <Filter>Header Files\Serialization</Filter>
    </ClInclude>
    <ClInclude Include="Types\BaseTypes.hpp">
      <Filter>Header Files\Types</Filter>
    </ClInclude>
    <ClInclude Include="Types\ByteArray.hpp">
      <Filter>Header Files\Types</Filter>
    </ClInclude>
    <ClInclude Include="Types\DataStream.hpp">
      <Filter>Header Files\Types</Filter>
    </ClInclude>
    <ClInclude Include="Types\IVariablePtr.hpp">
      <Filter>Header Files\Types</Filter>
    </ClInclude>
    <ClInclude Include="Types\NamedType.hpp">
      <Filter>Header Files\Types</Filter>
    </ClInclude>
    <ClInclude Include="Types\Owner.hpp">
      <Filter>Header Files\Types</Filter>
    </ClInclude>
    <ClInclude Include="Utilities\CRC.hpp">
      <Filter>Header Files\Utilities</Filter>
    </ClInclude>
    <ClInclude Include="Utilities\DataStreamStatus.hpp">
      <Filter>Header Files\Utilities</Filter>
    </ClInclude>
    <ClInclude Include="Utilities\Debug.hpp">
      <Filter>Header Files\Utilities</Filter>
    </ClInclude>
    <ClInclude Include="Utilities\Logger.hpp">
      <Filter>Header Files\Utilities</Filter>
    </ClInclude>
    <ClInclude Include="Utilities\LoggerProxy.hpp">
      <Filter>Header Files\Utilities</Filter>
    </ClInclude>
    <ClInclude Include="Utilities\LogLevel.hpp">
      <Filter>Header Files\Utilities</Filter>
    </ClInclude>
    <ClInclude Include="Utilities\Observer.hpp">
      <Filter>Header Files\Utilities</Filter>
    </ClInclude>
    <ClInclude Include="Utilities\ScopeExit.hpp">
      <Filter>Header Files\Utilities</Filter>
    </ClInclude>
    <ClInclude Include="Utilities\StringFunctions.hpp">
      <Filter>Header Files\Utilities</Filter>
    </ClInclude>
    <ClInclude Include="Utilities\Variable.hpp">
      <Filter>Header Files\Utilities</Filter>
    </ClInclude>
    <ClInclude Include="KernelExport.hpp">
      <Filter>Header Files</Filter>
    </ClInclude>
    <ClInclude Include="KernelTypes.hpp">
      <Filter>Header Files</Filter>
    </ClInclude>
  </ItemGroup>
  <ItemGroup>
    <ClCompile Include="Serialization\ReadWrite.cpp">
      <Filter>Source Files\Serialization</Filter>
    </ClCompile>
    <ClCompile Include="Utilities\CRC.cpp">
      <Filter>Source Files\Utilities</Filter>
    </ClCompile>
    <ClCompile Include="Utilities\Debug.cpp">
      <Filter>Source Files\Utilities</Filter>
    </ClCompile>
    <ClCompile Include="Utilities\Logger.cpp">
      <Filter>Source Files\Utilities</Filter>
    </ClCompile>
    <ClCompile Include="Utilities\LoggerProxy.cpp">
      <Filter>Source Files\Utilities</Filter>
    </ClCompile>
    <ClCompile Include="Utilities\Observer.cpp">
      <Filter>Source Files\Utilities</Filter>
    </ClCompile>
    <ClCompile Include="Utilities\StringFunctions.cpp">
      <Filter>Source Files\Utilities</Filter>
    </ClCompile>
    <ClCompile Include="Utilities\Variable.cpp">
      <Filter>Source Files\Utilities</Filter>
    </ClCompile>
  </ItemGroup>
</Project>